
Microsoft Visual Studio Solution File, Format Version 12.00
# Visual Studio 15
VisualStudioVersion = 15.0.26730.16
MinimumVisualStudioVersion = 10.0.40219.1
Project("{FAE04EC0-301F-11D3-BF4B-00C04F79EFBC}") = "CalculatorTest", "Calculator\CalculatorTest.csproj", "{8600F3C9-32DE-425D-9651-5B4A861D80D7}"
EndProject
Global
	GlobalSection(SolutionConfigurationPlatforms) = preSolution
		Debug|Any CPU = Debug|Any CPU
		Release|Any CPU = Release|Any CPU
	EndGlobalSection
	GlobalSection(ProjectConfigurationPlatforms) = postSolution
		{8600F3C9-32DE-425D-9651-5B4A861D80D7}.Debug|Any CPU.ActiveCfg = Debug|Any CPU
		{8600F3C9-32DE-425D-9651-5B4A861D80D7}.Debug|Any CPU.Build.0 = Debug|Any CPU
		{8600F3C9-32DE-425D-9651-5B4A861D80D7}.Release|Any CPU.ActiveCfg = Release|Any CPU
		{8600F3C9-32DE-425D-9651-5B4A861D80D7}.Release|Any CPU.Build.0 = Release|Any CPU
	EndGlobalSection
	GlobalSection(SolutionProperties) = preSolution
		HideSolutionNode = FALSE
	EndGlobalSection
	GlobalSection(ExtensibilityGlobals) = postSolution
		SolutionGuid = {3353C324-4D33-41A4-9C18-DAD4EB6F52C8}
	EndGlobalSection
EndGlobal
